
Microsoft Visual Studio Solution File, Format Version 12.00
# Visual Studio 15
VisualStudioVersion = 15.0.26430.14
MinimumVisualStudioVersion = 10.0.40219.1
Project("{FAE04EC0-301F-11D3-BF4B-00C04F79EFBC}") = "Tortuga.Drydock", "Tortuga.Drydock\Tortuga.Drydock.csproj", "{779676E7-8E97-4976-BAD9-976E03696B04}"
EndProject
Project("{FAE04EC0-301F-11D3-BF4B-00C04F79EFBC}") = "Tortuga.Drydock.Core", "Tortuga.Drydock.Core\Tortuga.Drydock.Core.csproj", "{50F9A00A-853E-4236-B1A0-A8C902DBC463}"
EndProject
Global
	GlobalSection(SolutionConfigurationPlatforms) = preSolution
		Debug|Any CPU = Debug|Any CPU
		Release|Any CPU = Release|Any CPU
	EndGlobalSection
	GlobalSection(ProjectConfigurationPlatforms) = postSolution
		{779676E7-8E97-4976-BAD9-976E03696B04}.Debug|Any CPU.ActiveCfg = Debug|Any CPU
		{779676E7-8E97-4976-BAD9-976E03696B04}.Debug|Any CPU.Build.0 = Debug|Any CPU
		{779676E7-8E97-4976-BAD9-976E03696B04}.Release|Any CPU.ActiveCfg = Release|Any CPU
		{779676E7-8E97-4976-BAD9-976E03696B04}.Release|Any CPU.Build.0 = Release|Any CPU
		{50F9A00A-853E-4236-B1A0-A8C902DBC463}.Debug|Any CPU.ActiveCfg = Debug|Any CPU
		{50F9A00A-853E-4236-B1A0-A8C902DBC463}.Debug|Any CPU.Build.0 = Debug|Any CPU
		{50F9A00A-853E-4236-B1A0-A8C902DBC463}.Release|Any CPU.ActiveCfg = Release|Any CPU
		{50F9A00A-853E-4236-B1A0-A8C902DBC463}.Release|Any CPU.Build.0 = Release|Any CPU
	EndGlobalSection
	GlobalSection(SolutionProperties) = preSolution
		HideSolutionNode = FALSE
	EndGlobalSection
EndGlobal
